
Microsoft Visual Studio Solution File, Format Version 12.00
# Visual Studio Version 16
VisualStudioVersion = 16.0.31515.178
MinimumVisualStudioVersion = 10.0.40219.1
Project("{9A19103F-16F7-4668-BE54-9A1E7A4F7556}") = "webapifinal", "webapifinal\webapifinal.csproj", "{DAAFB5FC-88C8-4F9F-9886-2277951A8F36}"
EndProject
Project("{2150E333-8FDC-42A3-9474-1A3956D46DE8}") = "Solution Items", "Solution Items", "{22E2D9D5-E61A-4ABA-9FC6-196F1803F8B3}"
	ProjectSection(SolutionItems) = preProject
		.editorconfig = .editorconfig
	EndProjectSection
EndProject
Global
	GlobalSection(SolutionConfigurationPlatforms) = preSolution
		Debug|Any CPU = Debug|Any CPU
		Release|Any CPU = Release|Any CPU
	EndGlobalSection
	GlobalSection(ProjectConfigurationPlatforms) = postSolution
		{DAAFB5FC-88C8-4F9F-9886-2277951A8F36}.Debug|Any CPU.ActiveCfg = Debug|Any CPU
		{DAAFB5FC-88C8-4F9F-9886-2277951A8F36}.Debug|Any CPU.Build.0 = Debug|Any CPU
		{DAAFB5FC-88C8-4F9F-9886-2277951A8F36}.Release|Any CPU.ActiveCfg = Release|Any CPU
		{DAAFB5FC-88C8-4F9F-9886-2277951A8F36}.Release|Any CPU.Build.0 = Release|Any CPU
	EndGlobalSection
	GlobalSection(SolutionProperties) = preSolution
		HideSolutionNode = FALSE
	EndGlobalSection
	GlobalSection(ExtensibilityGlobals) = postSolution
		SolutionGuid = {3D613774-12BF-488B-BA35-E73B6240806E}
	EndGlobalSection
EndGlobal
